# This file is autogenerated, do not edit; changes may be undone by the next 'dep ensure'.


[[projects]]
  branch = "master"
  name = "golang.org/x/net"
  packages = ["context"]
  revision = "a337091b0525af65de94df2eb7e98bd9962dcbe2"

[[projects]]
  branch = "master"
  name = "golang.org/x/sync"
  packages = ["errgroup"]
  revision = "fd80eb99c8f653c847d294a001bdf2a3a6f768f5"

[solve-meta]
  analyzer-name = "dep"
  analyzer-version = 1
  inputs-digest = "412a4a8202072dc73711c23e356abcb80f15bca70997867eacedf31dfe7d41bc"
  solver-name = "gps-cdcl"
  solver-version = 1
